
Microsoft Visual Studio Solution File, Format Version 12.00
# Visual Studio Version 17
VisualStudioVersion = 17.11.35312.102
MinimumVisualStudioVersion = 10.0.40219.1
Project("{2150E333-8FDC-42A3-9474-1A3956D46DE8}") = "Task0", "Task0", "{80D252D7-08F8-4B62-84F4-E1001843838A}"
EndProject
Project("{FAE04EC0-301F-11D3-BF4B-00C04F79EFBC}") = "Tyuiu.OvsepyanAA.Sprint0.Task0.V0", "Tyuiu.OvsepyanAA.Sprint0.Task0.V0\Tyuiu.OvsepyanAA.Sprint0.Task0.V0.csproj", "{24C75CDA-A3E1-4876-A82E-EBD2AA84E724}"
EndProject
Project("{2150E333-8FDC-42A3-9474-1A3956D46DE8}") = "Task1", "Task1", "{E0B753B3-3E37-4A69-BE32-32B918632344}"
EndProject
Project("{FAE04EC0-301F-11D3-BF4B-00C04F79EFBC}") = "Tyuiu.OvsepyanAA.Sprint0.Task1.V0", "Tyuiu.OvsepyanAA.Sprint0.Task1.V0\Tyuiu.OvsepyanAA.Sprint0.Task1.V0.csproj", "{77B39A9A-BFB6-479C-BBE3-16958B742F34}"
EndProject
Project("{2150E333-8FDC-42A3-9474-1A3956D46DE8}") = "Task2", "Task2", "{35EF7C31-F0F2-4658-B2AB-145E11AAD729}"
EndProject
Project("{FAE04EC0-301F-11D3-BF4B-00C04F79EFBC}") = "Tyuiu.OvsepyanAA.Sprint0.Task2.V0", "Tyuiu.OvsepyanAA.Sprint0.Task.V0\Tyuiu.OvsepyanAA.Sprint0.Task2.V0.csproj", "{66D371BB-769D-4204-BBE6-DA43B744F3A4}"
EndProject
Project("{FAE04EC0-301F-11D3-BF4B-00C04F79EFBC}") = "Tyuiu.OvsepyanAA.Sprint0.Task2.V0.Lib", "Tyuiu.OvsepyanAA.Sprint0.Task2.V0.Lib\Tyuiu.OvsepyanAA.Sprint0.Task2.V0.Lib.csproj", "{EA6BC4AA-4401-406D-9C14-F4BE0C13353D}"
EndProject
Project("{FAE04EC0-301F-11D3-BF4B-00C04F79EFBC}") = "Tyuiu.OvsepyanAA.Sprint0.Task2.V0.Test", "Tyuiu.OvsepyanAA.Sprint0.Task2.V0.Test\Tyuiu.OvsepyanAA.Sprint0.Task2.V0.Test.csproj", "{06402ABE-088A-43CF-AC9B-741C0ED22FAD}"
EndProject
Project("{2150E333-8FDC-42A3-9474-1A3956D46DE8}") = "Task3", "Task3", "{6A787DE3-1C9D-4DD7-87CA-CD7C4853FF56}"
EndProject
Project("{FAE04EC0-301F-11D3-BF4B-00C04F79EFBC}") = "Tyuiu.OvsepyanAA.Sprint0.Task3.V0", "Tyuiu.OvsepyanAA.Sprint0.Task3.V0\Tyuiu.OvsepyanAA.Sprint0.Task3.V0.csproj", "{6D936767-FFE7-4AFD-834F-7E957E782727}"
EndProject
Project("{FAE04EC0-301F-11D3-BF4B-00C04F79EFBC}") = "Tyuiu.OvsepyanAA.Sprint0.Task3.V0.Lib", "Tyuiu.OvsepyanAA.Sprint0.Task3.V0.Lib\Tyuiu.OvsepyanAA.Sprint0.Task3.V0.Lib.csproj", "{E24889AE-3287-448E-8B5A-478E1A9DA2CE}"
EndProject
Project("{FAE04EC0-301F-11D3-BF4B-00C04F79EFBC}") = "Tyuiu.OvsepyanAA.Sprint0.Task3.V0.Test", "Tyuiu.OvsepyanAA.Sprint0.Task3.V0.Test\Tyuiu.OvsepyanAA.Sprint0.Task3.V0.Test.csproj", "{F8E9F37F-481A-40BA-898E-673B207FEA8A}"
EndProject
Global
	GlobalSection(SolutionConfigurationPlatforms) = preSolution
		Debug|Any CPU = Debug|Any CPU
		Release|Any CPU = Release|Any CPU
	EndGlobalSection
	GlobalSection(ProjectConfigurationPlatforms) = postSolution
		{24C75CDA-A3E1-4876-A82E-EBD2AA84E724}.Debug|Any CPU.ActiveCfg = Debug|Any CPU
		{24C75CDA-A3E1-4876-A82E-EBD2AA84E724}.Debug|Any CPU.Build.0 = Debug|Any CPU
		{24C75CDA-A3E1-4876-A82E-EBD2AA84E724}.Release|Any CPU.ActiveCfg = Release|Any CPU
		{24C75CDA-A3E1-4876-A82E-EBD2AA84E724}.Release|Any CPU.Build.0 = Release|Any CPU
		{77B39A9A-BFB6-479C-BBE3-16958B742F34}.Debug|Any CPU.ActiveCfg = Debug|Any CPU
		{77B39A9A-BFB6-479C-BBE3-16958B742F34}.Debug|Any CPU.Build.0 = Debug|Any CPU
		{77B39A9A-BFB6-479C-BBE3-16958B742F34}.Release|Any CPU.ActiveCfg = Release|Any CPU
		{77B39A9A-BFB6-479C-BBE3-16958B742F34}.Release|Any CPU.Build.0 = Release|Any CPU
		{66D371BB-769D-4204-BBE6-DA43B744F3A4}.Debug|Any CPU.ActiveCfg = Debug|Any CPU
		{66D371BB-769D-4204-BBE6-DA43B744F3A4}.Debug|Any CPU.Build.0 = Debug|Any CPU
		{66D371BB-769D-4204-BBE6-DA43B744F3A4}.Release|Any CPU.ActiveCfg = Release|Any CPU
		{66D371BB-769D-4204-BBE6-DA43B744F3A4}.Release|Any CPU.Build.0 = Release|Any CPU
		{EA6BC4AA-4401-406D-9C14-F4BE0C13353D}.Debug|Any CPU.ActiveCfg = Debug|Any CPU
		{EA6BC4AA-4401-406D-9C14-F4BE0C13353D}.Debug|Any CPU.Build.0 = Debug|Any CPU
		{EA6BC4AA-4401-406D-9C14-F4BE0C13353D}.Release|Any CPU.ActiveCfg = Release|Any CPU
		{EA6BC4AA-4401-406D-9C14-F4BE0C13353D}.Release|Any CPU.Build.0 = Release|Any CPU
		{06402ABE-088A-43CF-AC9B-741C0ED22FAD}.Debug|Any CPU.ActiveCfg = Debug|Any CPU
		{06402ABE-088A-43CF-AC9B-741C0ED22FAD}.Debug|Any CPU.Build.0 = Debug|Any CPU
		{06402ABE-088A-43CF-AC9B-741C0ED22FAD}.Release|Any CPU.ActiveCfg = Release|Any CPU
		{06402ABE-088A-43CF-AC9B-741C0ED22FAD}.Release|Any CPU.Build.0 = Release|Any CPU
		{6D936767-FFE7-4AFD-834F-7E957E782727}.Debug|Any CPU.ActiveCfg = Debug|Any CPU
		{6D936767-FFE7-4AFD-834F-7E957E782727}.Debug|Any CPU.Build.0 = Debug|Any CPU
		{6D936767-FFE7-4AFD-834F-7E957E782727}.Release|Any CPU.ActiveCfg = Release|Any CPU
		{6D936767-FFE7-4AFD-834F-7E957E782727}.Release|Any CPU.Build.0 = Release|Any CPU
		{E24889AE-3287-448E-8B5A-478E1A9DA2CE}.Debug|Any CPU.ActiveCfg = Debug|Any CPU
		{E24889AE-3287-448E-8B5A-478E1A9DA2CE}.Debug|Any CPU.Build.0 = Debug|Any CPU
		{E24889AE-3287-448E-8B5A-478E1A9DA2CE}.Release|Any CPU.ActiveCfg = Release|Any CPU
		{E24889AE-3287-448E-8B5A-478E1A9DA2CE}.Release|Any CPU.Build.0 = Release|Any CPU
		{F8E9F37F-481A-40BA-898E-673B207FEA8A}.Debug|Any CPU.ActiveCfg = Debug|Any CPU
		{F8E9F37F-481A-40BA-898E-673B207FEA8A}.Debug|Any CPU.Build.0 = Debug|Any CPU
		{F8E9F37F-481A-40BA-898E-673B207FEA8A}.Release|Any CPU.ActiveCfg = Release|Any CPU
		{F8E9F37F-481A-40BA-898E-673B207FEA8A}.Release|Any CPU.Build.0 = Release|Any CPU
	EndGlobalSection
	GlobalSection(SolutionProperties) = preSolution
		HideSolutionNode = FALSE
	EndGlobalSection
	GlobalSection(NestedProjects) = preSolution
		{24C75CDA-A3E1-4876-A82E-EBD2AA84E724} = {80D252D7-08F8-4B62-84F4-E1001843838A}
		{77B39A9A-BFB6-479C-BBE3-16958B742F34} = {E0B753B3-3E37-4A69-BE32-32B918632344}
		{66D371BB-769D-4204-BBE6-DA43B744F3A4} = {35EF7C31-F0F2-4658-B2AB-145E11AAD729}
		{EA6BC4AA-4401-406D-9C14-F4BE0C13353D} = {35EF7C31-F0F2-4658-B2AB-145E11AAD729}
		{06402ABE-088A-43CF-AC9B-741C0ED22FAD} = {35EF7C31-F0F2-4658-B2AB-145E11AAD729}
		{6D936767-FFE7-4AFD-834F-7E957E782727} = {6A787DE3-1C9D-4DD7-87CA-CD7C4853FF56}
		{E24889AE-3287-448E-8B5A-478E1A9DA2CE} = {6A787DE3-1C9D-4DD7-87CA-CD7C4853FF56}
		{F8E9F37F-481A-40BA-898E-673B207FEA8A} = {6A787DE3-1C9D-4DD7-87CA-CD7C4853FF56}
	EndGlobalSection
	GlobalSection(ExtensibilityGlobals) = postSolution
		SolutionGuid = {D1614233-17BF-445A-BE83-ED43AEC9D8FA}
	EndGlobalSection
EndGlobal
