
Microsoft Visual Studio Solution File, Format Version 12.00
# Visual Studio Version 17
VisualStudioVersion = 17.11.35312.102
MinimumVisualStudioVersion = 10.0.40219.1
Project("{2150E333-8FDC-42A3-9474-1A3956D46DE8}") = "Task0", "Task0", "{80D252D7-08F8-4B62-84F4-E1001843838A}"
EndProject
Project("{FAE04EC0-301F-11D3-BF4B-00C04F79EFBC}") = "Tyuiu.OvsepyanAA.Sprint0.Task0.V0", "Tyuiu.OvsepyanAA.Sprint0.Task0.V0\Tyuiu.OvsepyanAA.Sprint0.Task0.V0.csproj", "{24C75CDA-A3E1-4876-A82E-EBD2AA84E724}"
EndProject
Project("{2150E333-8FDC-42A3-9474-1A3956D46DE8}") = "Task1", "Task1", "{E0B753B3-3E37-4A69-BE32-32B918632344}"
EndProject
Project("{FAE04EC0-301F-11D3-BF4B-00C04F79EFBC}") = "Tyuiu.OvsepyanAA.Sprint0.Task1.V0", "Tyuiu.OvsepyanAA.Sprint0.Task1.V0\Tyuiu.OvsepyanAA.Sprint0.Task1.V0.csproj", "{77B39A9A-BFB6-479C-BBE3-16958B742F34}"
EndProject
Project("{2150E333-8FDC-42A3-9474-1A3956D46DE8}") = "Task2", "Task2", "{35EF7C31-F0F2-4658-B2AB-145E11AAD729}"
EndProject
Project("{FAE04EC0-301F-11D3-BF4B-00C04F79EFBC}") = "Tyuiu.OvsepyanAA.Sprint0.Task2.V0", "Tyuiu.OvsepyanAA.Sprint0.Task.V0\Tyuiu.OvsepyanAA.Sprint0.Task2.V0.csproj", "{66D371BB-769D-4204-BBE6-DA43B744F3A4}"
EndProject
Project("{FAE04EC0-301F-11D3-BF4B-00C04F79EFBC}") = "Tyuiu.OvsepyanAA.Sprint0.Task2.V0.Lib", "Tyuiu.OvsepyanAA.Sprint0.Task2.V0.Lib\Tyuiu.OvsepyanAA.Sprint0.Task2.V0.Lib.csproj", "{EA6BC4AA-4401-406D-9C14-F4BE0C13353D}"
EndProject
Project("{FAE04EC0-301F-11D3-BF4B-00C04F79EFBC}") = "Tyuiu.OvsepyanAA.Sprint0.Task2.V0.Test", "Tyuiu.OvsepyanAA.Sprint0.Task2.V0.Test\Tyuiu.OvsepyanAA.Sprint0.Task2.V0.Test.csproj", "{06402ABE-088A-43CF-AC9B-741C0ED22FAD}"
EndProject
Project("{2150E333-8FDC-42A3-9474-1A3956D46DE8}") = "Task3", "Task3", "{6A787DE3-1C9D-4DD7-87CA-CD7C4853FF56}"
EndProject
Project("{FAE04EC0-301F-11D3-BF4B-00C04F79EFBC}") = "Tyuiu.OvsepyanAA.Sprint0.Task3.V0", "Tyuiu.OvsepyanAA.Sprint0.Task3.V0\Tyuiu.OvsepyanAA.Sprint0.Task3.V0.csproj", "{6D936767-FFE7-4AFD-834F-7E957E782727}"
EndProject
Project("{FAE04EC0-301F-11D3-BF4B-00C04F79EFBC}") = "Tyuiu.OvsepyanAA.Sprint0.Task3.V0.Lib", "Tyuiu.OvsepyanAA.Sprint0.Task3.V0.Lib\Tyuiu.OvsepyanAA.Sprint0.Task3.V0.Lib.csproj", "{E24889AE-3287-448E-8B5A-478E1A9DA2CE}"
EndProject
Project("{FAE04EC0-301F-11D3-BF4B-00C04F79EFBC}") = "Tyuiu.OvsepyanAA.Sprint0.Task3.V0.Test", "Tyuiu.OvsepyanAA.Sprint0.Task3.V0.Test\Tyuiu.OvsepyanAA.Sprint0.Task3.V0.Test.csproj", "{F8E9F37F-481A-40BA-898E-673B207FEA8A}"
EndProject
Project("{2150E333-8FDC-42A3-9474-1A3956D46DE8}") = "Task4", "Task4", "{A1FC6BA3-399E-4E9A-87C6-D363A448AD97}"
EndProject
Project("{FAE04EC0-301F-11D3-BF4B-00C04F79EFBC}") = "Tyuiu.OvsepyanAA.Sprint0.Task4.V0", "Tyuiu.OvsepyanAA.Sprint0.Task4.V0\Tyuiu.OvsepyanAA.Sprint0.Task4.V0.csproj", "{FCE1663D-D5B9-4CD6-8A1E-D8A2199687FF}"
EndProject
Project("{FAE04EC0-301F-11D3-BF4B-00C04F79EFBC}") = "Tyuiu.OvsepyanAA.Sprint0.Task4.V0.Lib", "Tyuiu.OvsepyanAA.Sprint0.Task4.V0.Lib\Tyuiu.OvsepyanAA.Sprint0.Task4.V0.Lib.csproj", "{B2AC8C4C-886D-414D-BC75-24C2BC3D36AB}"
EndProject
Project("{FAE04EC0-301F-11D3-BF4B-00C04F79EFBC}") = "Tyuiu.OvsepyanAA.Sprint0.Task4.V0.Test", "Tyuiu.OvsepyanAA.Sprint0.Task4.V0.Test\Tyuiu.OvsepyanAA.Sprint0.Task4.V0.Test.csproj", "{6B04804F-D269-4B83-806B-70E307854B4A}"
EndProject
Project("{2150E333-8FDC-42A3-9474-1A3956D46DE8}") = "Task5", "Task5", "{AA1043B1-ADBC-456F-8232-49985016B566}"
EndProject
Project("{FAE04EC0-301F-11D3-BF4B-00C04F79EFBC}") = "Tyuiu.OvsepyanAA.Sprint0.Task5.V0", "Tyuiu.OvsepyanAA.Sprint0.Task5.V0\Tyuiu.OvsepyanAA.Sprint0.Task5.V0.csproj", "{DD8B65B9-E809-4604-AF56-2F2004FDB6E5}"
EndProject
Project("{FAE04EC0-301F-11D3-BF4B-00C04F79EFBC}") = "Tyuiu.OvsepyanAA.Sprint0.Task5.V0.Lib", "Tyuiu.OvsepyanAA.Sprint0.Task5.V0.Lib\Tyuiu.OvsepyanAA.Sprint0.Task5.V0.Lib.csproj", "{39EEFAA9-24FF-4D30-BFA1-558D83385944}"
EndProject
Project("{FAE04EC0-301F-11D3-BF4B-00C04F79EFBC}") = "Tyuiu.OvsepyanAA.Sprint0.Task5.V0.Test", "Tyuiu.OvsepyanAA.Sprint0.Task5.V0.Test\Tyuiu.OvsepyanAA.Sprint0.Task5.V0.Test.csproj", "{6B35FB47-6A91-4423-A054-A6FE1547FB66}"
EndProject
Project("{2150E333-8FDC-42A3-9474-1A3956D46DE8}") = "Task6", "Task6", "{DFF4F7A9-D49A-4F71-A656-5C660D08B78C}"
EndProject
Project("{FAE04EC0-301F-11D3-BF4B-00C04F79EFBC}") = "Tyuiu.OvsepyanAA.Sprint0.Task6.V0", "Tyuiu.OvsepyanAA.Sprint0.Task6.V0\Tyuiu.OvsepyanAA.Sprint0.Task6.V0.csproj", "{7D527C84-F167-4A44-A77F-7BAE733F9403}"
EndProject
Project("{FAE04EC0-301F-11D3-BF4B-00C04F79EFBC}") = "Tyuiu.OvsepyanAA.Sprint0.Task6.V0.Lib", "Tyuiu.OvsepyanAA.Sprint0.Task6.V0.Lib\Tyuiu.OvsepyanAA.Sprint0.Task6.V0.Lib.csproj", "{DDB22F88-B37B-4094-A4E6-29362B9265F2}"
EndProject
Project("{FAE04EC0-301F-11D3-BF4B-00C04F79EFBC}") = "Tyuiu.OvsepyanAA.Sprint0.Task6.V0.Test", "Tyuiu.OvsepyanAA.Sprint0.Task6.V0.Test\Tyuiu.OvsepyanAA.Sprint0.Task6.V0.Test.csproj", "{66AC58E4-A4C8-4312-B5C9-A57F64C03331}"
EndProject
Project("{2150E333-8FDC-42A3-9474-1A3956D46DE8}") = "Task7", "Task7", "{E4871EF4-EE92-43A0-B665-BC90035FFED4}"
EndProject
Project("{FAE04EC0-301F-11D3-BF4B-00C04F79EFBC}") = "Tyuiu.OvsepyanAA.Sprint0.Task7.V0", "Tyuiu.OvsepyanAA.Sprint0.Task7.V0\Tyuiu.OvsepyanAA.Sprint0.Task7.V0.csproj", "{F05C6A18-ACEF-4E4B-B306-3FFE0CDFB0C4}"
EndProject
Project("{FAE04EC0-301F-11D3-BF4B-00C04F79EFBC}") = "Tyuiu.OvsepyanAA.Sprint0.Task7.V0.Lib", "Tyuiu.OvsepyanAA.Sprint0.Task7.V0.Lib\Tyuiu.OvsepyanAA.Sprint0.Task7.V0.Lib.csproj", "{D9697C25-903C-4D70-B7A8-0451AAFE09FA}"
EndProject
Project("{FAE04EC0-301F-11D3-BF4B-00C04F79EFBC}") = "Tyuiu.OvsepyanAA.Sprint0.Task7.V0.Test", "UnitTestProject1\Tyuiu.OvsepyanAA.Sprint0.Task7.V0.Test.csproj", "{40F061B4-348B-4F4B-B38C-DD728536B271}"
EndProject
Global
	GlobalSection(SolutionConfigurationPlatforms) = preSolution
		Debug|Any CPU = Debug|Any CPU
		Release|Any CPU = Release|Any CPU
	EndGlobalSection
	GlobalSection(ProjectConfigurationPlatforms) = postSolution
		{24C75CDA-A3E1-4876-A82E-EBD2AA84E724}.Debug|Any CPU.ActiveCfg = Debug|Any CPU
		{24C75CDA-A3E1-4876-A82E-EBD2AA84E724}.Debug|Any CPU.Build.0 = Debug|Any CPU
		{24C75CDA-A3E1-4876-A82E-EBD2AA84E724}.Release|Any CPU.ActiveCfg = Release|Any CPU
		{24C75CDA-A3E1-4876-A82E-EBD2AA84E724}.Release|Any CPU.Build.0 = Release|Any CPU
		{77B39A9A-BFB6-479C-BBE3-16958B742F34}.Debug|Any CPU.ActiveCfg = Debug|Any CPU
		{77B39A9A-BFB6-479C-BBE3-16958B742F34}.Debug|Any CPU.Build.0 = Debug|Any CPU
		{77B39A9A-BFB6-479C-BBE3-16958B742F34}.Release|Any CPU.ActiveCfg = Release|Any CPU
		{77B39A9A-BFB6-479C-BBE3-16958B742F34}.Release|Any CPU.Build.0 = Release|Any CPU
		{66D371BB-769D-4204-BBE6-DA43B744F3A4}.Debug|Any CPU.ActiveCfg = Debug|Any CPU
		{66D371BB-769D-4204-BBE6-DA43B744F3A4}.Debug|Any CPU.Build.0 = Debug|Any CPU
		{66D371BB-769D-4204-BBE6-DA43B744F3A4}.Release|Any CPU.ActiveCfg = Release|Any CPU
		{66D371BB-769D-4204-BBE6-DA43B744F3A4}.Release|Any CPU.Build.0 = Release|Any CPU
		{EA6BC4AA-4401-406D-9C14-F4BE0C13353D}.Debug|Any CPU.ActiveCfg = Debug|Any CPU
		{EA6BC4AA-4401-406D-9C14-F4BE0C13353D}.Debug|Any CPU.Build.0 = Debug|Any CPU
		{EA6BC4AA-4401-406D-9C14-F4BE0C13353D}.Release|Any CPU.ActiveCfg = Release|Any CPU
		{EA6BC4AA-4401-406D-9C14-F4BE0C13353D}.Release|Any CPU.Build.0 = Release|Any CPU
		{06402ABE-088A-43CF-AC9B-741C0ED22FAD}.Debug|Any CPU.ActiveCfg = Debug|Any CPU
		{06402ABE-088A-43CF-AC9B-741C0ED22FAD}.Debug|Any CPU.Build.0 = Debug|Any CPU
		{06402ABE-088A-43CF-AC9B-741C0ED22FAD}.Release|Any CPU.ActiveCfg = Release|Any CPU
		{06402ABE-088A-43CF-AC9B-741C0ED22FAD}.Release|Any CPU.Build.0 = Release|Any CPU
		{6D936767-FFE7-4AFD-834F-7E957E782727}.Debug|Any CPU.ActiveCfg = Debug|Any CPU
		{6D936767-FFE7-4AFD-834F-7E957E782727}.Debug|Any CPU.Build.0 = Debug|Any CPU
		{6D936767-FFE7-4AFD-834F-7E957E782727}.Release|Any CPU.ActiveCfg = Release|Any CPU
		{6D936767-FFE7-4AFD-834F-7E957E782727}.Release|Any CPU.Build.0 = Release|Any CPU
		{E24889AE-3287-448E-8B5A-478E1A9DA2CE}.Debug|Any CPU.ActiveCfg = Debug|Any CPU
		{E24889AE-3287-448E-8B5A-478E1A9DA2CE}.Debug|Any CPU.Build.0 = Debug|Any CPU
		{E24889AE-3287-448E-8B5A-478E1A9DA2CE}.Release|Any CPU.ActiveCfg = Release|Any CPU
		{E24889AE-3287-448E-8B5A-478E1A9DA2CE}.Release|Any CPU.Build.0 = Release|Any CPU
		{F8E9F37F-481A-40BA-898E-673B207FEA8A}.Debug|Any CPU.ActiveCfg = Debug|Any CPU
		{F8E9F37F-481A-40BA-898E-673B207FEA8A}.Debug|Any CPU.Build.0 = Debug|Any CPU
		{F8E9F37F-481A-40BA-898E-673B207FEA8A}.Release|Any CPU.ActiveCfg = Release|Any CPU
		{F8E9F37F-481A-40BA-898E-673B207FEA8A}.Release|Any CPU.Build.0 = Release|Any CPU
		{FCE1663D-D5B9-4CD6-8A1E-D8A2199687FF}.Debug|Any CPU.ActiveCfg = Debug|Any CPU
		{FCE1663D-D5B9-4CD6-8A1E-D8A2199687FF}.Debug|Any CPU.Build.0 = Debug|Any CPU
		{FCE1663D-D5B9-4CD6-8A1E-D8A2199687FF}.Release|Any CPU.ActiveCfg = Release|Any CPU
		{FCE1663D-D5B9-4CD6-8A1E-D8A2199687FF}.Release|Any CPU.Build.0 = Release|Any CPU
		{B2AC8C4C-886D-414D-BC75-24C2BC3D36AB}.Debug|Any CPU.ActiveCfg = Debug|Any CPU
		{B2AC8C4C-886D-414D-BC75-24C2BC3D36AB}.Debug|Any CPU.Build.0 = Debug|Any CPU
		{B2AC8C4C-886D-414D-BC75-24C2BC3D36AB}.Release|Any CPU.ActiveCfg = Release|Any CPU
		{B2AC8C4C-886D-414D-BC75-24C2BC3D36AB}.Release|Any CPU.Build.0 = Release|Any CPU
		{6B04804F-D269-4B83-806B-70E307854B4A}.Debug|Any CPU.ActiveCfg = Debug|Any CPU
		{6B04804F-D269-4B83-806B-70E307854B4A}.Debug|Any CPU.Build.0 = Debug|Any CPU
		{6B04804F-D269-4B83-806B-70E307854B4A}.Release|Any CPU.ActiveCfg = Release|Any CPU
		{6B04804F-D269-4B83-806B-70E307854B4A}.Release|Any CPU.Build.0 = Release|Any CPU
		{DD8B65B9-E809-4604-AF56-2F2004FDB6E5}.Debug|Any CPU.ActiveCfg = Debug|Any CPU
		{DD8B65B9-E809-4604-AF56-2F2004FDB6E5}.Debug|Any CPU.Build.0 = Debug|Any CPU
		{DD8B65B9-E809-4604-AF56-2F2004FDB6E5}.Release|Any CPU.ActiveCfg = Release|Any CPU
		{DD8B65B9-E809-4604-AF56-2F2004FDB6E5}.Release|Any CPU.Build.0 = Release|Any CPU
		{39EEFAA9-24FF-4D30-BFA1-558D83385944}.Debug|Any CPU.ActiveCfg = Debug|Any CPU
		{39EEFAA9-24FF-4D30-BFA1-558D83385944}.Debug|Any CPU.Build.0 = Debug|Any CPU
		{39EEFAA9-24FF-4D30-BFA1-558D83385944}.Release|Any CPU.ActiveCfg = Release|Any CPU
		{39EEFAA9-24FF-4D30-BFA1-558D83385944}.Release|Any CPU.Build.0 = Release|Any CPU
		{6B35FB47-6A91-4423-A054-A6FE1547FB66}.Debug|Any CPU.ActiveCfg = Debug|Any CPU
		{6B35FB47-6A91-4423-A054-A6FE1547FB66}.Debug|Any CPU.Build.0 = Debug|Any CPU
		{6B35FB47-6A91-4423-A054-A6FE1547FB66}.Release|Any CPU.ActiveCfg = Release|Any CPU
		{6B35FB47-6A91-4423-A054-A6FE1547FB66}.Release|Any CPU.Build.0 = Release|Any CPU
		{7D527C84-F167-4A44-A77F-7BAE733F9403}.Debug|Any CPU.ActiveCfg = Debug|Any CPU
		{7D527C84-F167-4A44-A77F-7BAE733F9403}.Debug|Any CPU.Build.0 = Debug|Any CPU
		{7D527C84-F167-4A44-A77F-7BAE733F9403}.Release|Any CPU.ActiveCfg = Release|Any CPU
		{7D527C84-F167-4A44-A77F-7BAE733F9403}.Release|Any CPU.Build.0 = Release|Any CPU
		{DDB22F88-B37B-4094-A4E6-29362B9265F2}.Debug|Any CPU.ActiveCfg = Debug|Any CPU
		{DDB22F88-B37B-4094-A4E6-29362B9265F2}.Debug|Any CPU.Build.0 = Debug|Any CPU
		{DDB22F88-B37B-4094-A4E6-29362B9265F2}.Release|Any CPU.ActiveCfg = Release|Any CPU
		{DDB22F88-B37B-4094-A4E6-29362B9265F2}.Release|Any CPU.Build.0 = Release|Any CPU
		{66AC58E4-A4C8-4312-B5C9-A57F64C03331}.Debug|Any CPU.ActiveCfg = Debug|Any CPU
		{66AC58E4-A4C8-4312-B5C9-A57F64C03331}.Debug|Any CPU.Build.0 = Debug|Any CPU
		{66AC58E4-A4C8-4312-B5C9-A57F64C03331}.Release|Any CPU.ActiveCfg = Release|Any CPU
		{66AC58E4-A4C8-4312-B5C9-A57F64C03331}.Release|Any CPU.Build.0 = Release|Any CPU
		{F05C6A18-ACEF-4E4B-B306-3FFE0CDFB0C4}.Debug|Any CPU.ActiveCfg = Debug|Any CPU
		{F05C6A18-ACEF-4E4B-B306-3FFE0CDFB0C4}.Debug|Any CPU.Build.0 = Debug|Any CPU
		{F05C6A18-ACEF-4E4B-B306-3FFE0CDFB0C4}.Release|Any CPU.ActiveCfg = Release|Any CPU
		{F05C6A18-ACEF-4E4B-B306-3FFE0CDFB0C4}.Release|Any CPU.Build.0 = Release|Any CPU
		{D9697C25-903C-4D70-B7A8-0451AAFE09FA}.Debug|Any CPU.ActiveCfg = Debug|Any CPU
		{D9697C25-903C-4D70-B7A8-0451AAFE09FA}.Debug|Any CPU.Build.0 = Debug|Any CPU
		{D9697C25-903C-4D70-B7A8-0451AAFE09FA}.Release|Any CPU.ActiveCfg = Release|Any CPU
		{D9697C25-903C-4D70-B7A8-0451AAFE09FA}.Release|Any CPU.Build.0 = Release|Any CPU
		{40F061B4-348B-4F4B-B38C-DD728536B271}.Debug|Any CPU.ActiveCfg = Debug|Any CPU
		{40F061B4-348B-4F4B-B38C-DD728536B271}.Debug|Any CPU.Build.0 = Debug|Any CPU
		{40F061B4-348B-4F4B-B38C-DD728536B271}.Release|Any CPU.ActiveCfg = Release|Any CPU
		{40F061B4-348B-4F4B-B38C-DD728536B271}.Release|Any CPU.Build.0 = Release|Any CPU
	EndGlobalSection
	GlobalSection(SolutionProperties) = preSolution
		HideSolutionNode = FALSE
	EndGlobalSection
	GlobalSection(NestedProjects) = preSolution
		{24C75CDA-A3E1-4876-A82E-EBD2AA84E724} = {80D252D7-08F8-4B62-84F4-E1001843838A}
		{77B39A9A-BFB6-479C-BBE3-16958B742F34} = {E0B753B3-3E37-4A69-BE32-32B918632344}
		{66D371BB-769D-4204-BBE6-DA43B744F3A4} = {35EF7C31-F0F2-4658-B2AB-145E11AAD729}
		{EA6BC4AA-4401-406D-9C14-F4BE0C13353D} = {35EF7C31-F0F2-4658-B2AB-145E11AAD729}
		{06402ABE-088A-43CF-AC9B-741C0ED22FAD} = {35EF7C31-F0F2-4658-B2AB-145E11AAD729}
		{6D936767-FFE7-4AFD-834F-7E957E782727} = {6A787DE3-1C9D-4DD7-87CA-CD7C4853FF56}
		{E24889AE-3287-448E-8B5A-478E1A9DA2CE} = {6A787DE3-1C9D-4DD7-87CA-CD7C4853FF56}
		{F8E9F37F-481A-40BA-898E-673B207FEA8A} = {6A787DE3-1C9D-4DD7-87CA-CD7C4853FF56}
		{FCE1663D-D5B9-4CD6-8A1E-D8A2199687FF} = {A1FC6BA3-399E-4E9A-87C6-D363A448AD97}
		{B2AC8C4C-886D-414D-BC75-24C2BC3D36AB} = {A1FC6BA3-399E-4E9A-87C6-D363A448AD97}
		{6B04804F-D269-4B83-806B-70E307854B4A} = {A1FC6BA3-399E-4E9A-87C6-D363A448AD97}
		{DD8B65B9-E809-4604-AF56-2F2004FDB6E5} = {AA1043B1-ADBC-456F-8232-49985016B566}
		{39EEFAA9-24FF-4D30-BFA1-558D83385944} = {AA1043B1-ADBC-456F-8232-49985016B566}
		{6B35FB47-6A91-4423-A054-A6FE1547FB66} = {AA1043B1-ADBC-456F-8232-49985016B566}
		{7D527C84-F167-4A44-A77F-7BAE733F9403} = {DFF4F7A9-D49A-4F71-A656-5C660D08B78C}
		{DDB22F88-B37B-4094-A4E6-29362B9265F2} = {DFF4F7A9-D49A-4F71-A656-5C660D08B78C}
		{66AC58E4-A4C8-4312-B5C9-A57F64C03331} = {DFF4F7A9-D49A-4F71-A656-5C660D08B78C}
		{F05C6A18-ACEF-4E4B-B306-3FFE0CDFB0C4} = {E4871EF4-EE92-43A0-B665-BC90035FFED4}
		{D9697C25-903C-4D70-B7A8-0451AAFE09FA} = {E4871EF4-EE92-43A0-B665-BC90035FFED4}
		{40F061B4-348B-4F4B-B38C-DD728536B271} = {E4871EF4-EE92-43A0-B665-BC90035FFED4}
	EndGlobalSection
	GlobalSection(ExtensibilityGlobals) = postSolution
		SolutionGuid = {D1614233-17BF-445A-BE83-ED43AEC9D8FA}
	EndGlobalSection
EndGlobal
